
Microsoft Visual Studio Solution File, Format Version 12.00
# Visual Studio Version 17
VisualStudioVersion = 17.5.33424.131
MinimumVisualStudioVersion = 10.0.40219.1
Project("{FAE04EC0-301F-11D3-BF4B-00C04F79EFBC}") = "StudentsApp", "StudentsApp\StudentsApp.csproj", "{300DA9CF-BC5B-4655-BC04-D6B409A4DCEB}"
EndProject
Global
	GlobalSection(SolutionConfigurationPlatforms) = preSolution
		Debug|Any CPU = Debug|Any CPU
		Release|Any CPU = Release|Any CPU
	EndGlobalSection
	GlobalSection(ProjectConfigurationPlatforms) = postSolution
		{300DA9CF-BC5B-4655-BC04-D6B409A4DCEB}.Debug|Any CPU.ActiveCfg = Debug|Any CPU
		{300DA9CF-BC5B-4655-BC04-D6B409A4DCEB}.Debug|Any CPU.Build.0 = Debug|Any CPU
		{300DA9CF-BC5B-4655-BC04-D6B409A4DCEB}.Release|Any CPU.ActiveCfg = Release|Any CPU
		{300DA9CF-BC5B-4655-BC04-D6B409A4DCEB}.Release|Any CPU.Build.0 = Release|Any CPU
	EndGlobalSection
	GlobalSection(SolutionProperties) = preSolution
		HideSolutionNode = FALSE
	EndGlobalSection
	GlobalSection(ExtensibilityGlobals) = postSolution
		SolutionGuid = {0B61810F-7F36-450F-996D-59BC1FF6DC93}
	EndGlobalSection
EndGlobal
